
Microsoft Visual Studio Solution File, Format Version 12.00
# Visual Studio Version 16
VisualStudioVersion = 16.0.32228.343
MinimumVisualStudioVersion = 10.0.40219.1
Project("{8BC9CEB8-8B4A-11D0-8D11-00A0C91BC942}") = "msmwindows", "msmwindows.vcxproj", "{0BCD155A-5184-473F-ACA1-3F0819025255}"
EndProject
Global
	GlobalSection(SolutionConfigurationPlatforms) = preSolution
		Debug|x64 = Debug|x64
		Debug|x86 = Debug|x86
		Release|x64 = Release|x64
		Release|x86 = Release|x86
	EndGlobalSection
	GlobalSection(ProjectConfigurationPlatforms) = postSolution
		{0BCD155A-5184-473F-ACA1-3F0819025255}.Debug|x64.ActiveCfg = Debug|x64
		{0BCD155A-5184-473F-ACA1-3F0819025255}.Debug|x64.Build.0 = Debug|x64
		{0BCD155A-5184-473F-ACA1-3F0819025255}.Debug|x86.ActiveCfg = Debug|Win32
		{0BCD155A-5184-473F-ACA1-3F0819025255}.Debug|x86.Build.0 = Debug|Win32
		{0BCD155A-5184-473F-ACA1-3F0819025255}.Release|x64.ActiveCfg = Release|x64
		{0BCD155A-5184-473F-ACA1-3F0819025255}.Release|x64.Build.0 = Release|x64
		{0BCD155A-5184-473F-ACA1-3F0819025255}.Release|x86.ActiveCfg = Release|Win32
		{0BCD155A-5184-473F-ACA1-3F0819025255}.Release|x86.Build.0 = Release|Win32
	EndGlobalSection
	GlobalSection(SolutionProperties) = preSolution
		HideSolutionNode = FALSE
	EndGlobalSection
	GlobalSection(ExtensibilityGlobals) = postSolution
		SolutionGuid = {2B24E3EE-EDCF-4910-ACBA-0D88564A1E77}
	EndGlobalSection
EndGlobal
